
Microsoft Visual Studio Solution File, Format Version 12.00
# Visual Studio Version 16
VisualStudioVersion = 16.0.30114.105
MinimumVisualStudioVersion = 10.0.40219.1
Project("{FAE04EC0-301F-11D3-BF4B-00C04F79EFBC}") = "AppGitNotas.Android", "AppGitNotas.Android\AppGitNotas.Android.csproj", "{FF9B5302-FA62-4523-88B6-96F69E5712AB}"
EndProject
Project("{FAE04EC0-301F-11D3-BF4B-00C04F79EFBC}") = "AppGitNotas.iOS", "AppGitNotas.iOS\AppGitNotas.iOS.csproj", "{C67E71F9-332F-40A8-BFB9-7F82ADBFEA9B}"
EndProject
Project("{FAE04EC0-301F-11D3-BF4B-00C04F79EFBC}") = "AppGitNotas", "AppGitNotas\AppGitNotas.csproj", "{630470D8-DCCF-42B3-BA5A-6323B3C979F2}"
EndProject
Global
	GlobalSection(SolutionConfigurationPlatforms) = preSolution
		Debug|Any CPU = Debug|Any CPU
		Debug|iPhone = Debug|iPhone
		Debug|iPhoneSimulator = Debug|iPhoneSimulator
		Release|Any CPU = Release|Any CPU
		Release|iPhone = Release|iPhone
		Release|iPhoneSimulator = Release|iPhoneSimulator
	EndGlobalSection
	GlobalSection(ProjectConfigurationPlatforms) = postSolution
		{FF9B5302-FA62-4523-88B6-96F69E5712AB}.Debug|Any CPU.ActiveCfg = Debug|Any CPU
		{FF9B5302-FA62-4523-88B6-96F69E5712AB}.Debug|Any CPU.Build.0 = Debug|Any CPU
		{FF9B5302-FA62-4523-88B6-96F69E5712AB}.Debug|Any CPU.Deploy.0 = Debug|Any CPU
		{FF9B5302-FA62-4523-88B6-96F69E5712AB}.Debug|iPhone.ActiveCfg = Debug|Any CPU
		{FF9B5302-FA62-4523-88B6-96F69E5712AB}.Debug|iPhone.Build.0 = Debug|Any CPU
		{FF9B5302-FA62-4523-88B6-96F69E5712AB}.Debug|iPhone.Deploy.0 = Debug|Any CPU
		{FF9B5302-FA62-4523-88B6-96F69E5712AB}.Debug|iPhoneSimulator.ActiveCfg = Debug|Any CPU
		{FF9B5302-FA62-4523-88B6-96F69E5712AB}.Debug|iPhoneSimulator.Build.0 = Debug|Any CPU
		{FF9B5302-FA62-4523-88B6-96F69E5712AB}.Debug|iPhoneSimulator.Deploy.0 = Debug|Any CPU
		{FF9B5302-FA62-4523-88B6-96F69E5712AB}.Release|Any CPU.ActiveCfg = Release|Any CPU
		{FF9B5302-FA62-4523-88B6-96F69E5712AB}.Release|Any CPU.Build.0 = Release|Any CPU
		{FF9B5302-FA62-4523-88B6-96F69E5712AB}.Release|Any CPU.Deploy.0 = Release|Any CPU
		{FF9B5302-FA62-4523-88B6-96F69E5712AB}.Release|iPhone.ActiveCfg = Release|Any CPU
		{FF9B5302-FA62-4523-88B6-96F69E5712AB}.Release|iPhone.Build.0 = Release|Any CPU
		{FF9B5302-FA62-4523-88B6-96F69E5712AB}.Release|iPhone.Deploy.0 = Release|Any CPU
		{FF9B5302-FA62-4523-88B6-96F69E5712AB}.Release|iPhoneSimulator.ActiveCfg = Release|Any CPU
		{FF9B5302-FA62-4523-88B6-96F69E5712AB}.Release|iPhoneSimulator.Build.0 = Release|Any CPU
		{FF9B5302-FA62-4523-88B6-96F69E5712AB}.Release|iPhoneSimulator.Deploy.0 = Release|Any CPU
		{C67E71F9-332F-40A8-BFB9-7F82ADBFEA9B}.Debug|Any CPU.ActiveCfg = Debug|iPhone
		{C67E71F9-332F-40A8-BFB9-7F82ADBFEA9B}.Debug|Any CPU.Build.0 = Debug|iPhone
		{C67E71F9-332F-40A8-BFB9-7F82ADBFEA9B}.Debug|Any CPU.Deploy.0 = Debug|iPhone
		{C67E71F9-332F-40A8-BFB9-7F82ADBFEA9B}.Debug|iPhone.ActiveCfg = Debug|iPhone
		{C67E71F9-332F-40A8-BFB9-7F82ADBFEA9B}.Debug|iPhone.Build.0 = Debug|iPhone
		{C67E71F9-332F-40A8-BFB9-7F82ADBFEA9B}.Debug|iPhone.Deploy.0 = Debug|iPhone
		{C67E71F9-332F-40A8-BFB9-7F82ADBFEA9B}.Debug|iPhoneSimulator.ActiveCfg = Debug|iPhoneSimulator
		{C67E71F9-332F-40A8-BFB9-7F82ADBFEA9B}.Debug|iPhoneSimulator.Build.0 = Debug|iPhoneSimulator
		{C67E71F9-332F-40A8-BFB9-7F82ADBFEA9B}.Debug|iPhoneSimulator.Deploy.0 = Debug|iPhoneSimulator
		{C67E71F9-332F-40A8-BFB9-7F82ADBFEA9B}.Release|Any CPU.ActiveCfg = Release|iPhone
		{C67E71F9-332F-40A8-BFB9-7F82ADBFEA9B}.Release|Any CPU.Build.0 = Release|iPhone
		{C67E71F9-332F-40A8-BFB9-7F82ADBFEA9B}.Release|Any CPU.Deploy.0 = Release|iPhone
		{C67E71F9-332F-40A8-BFB9-7F82ADBFEA9B}.Release|iPhone.ActiveCfg = Release|iPhone
		{C67E71F9-332F-40A8-BFB9-7F82ADBFEA9B}.Release|iPhone.Build.0 = Release|iPhone
		{C67E71F9-332F-40A8-BFB9-7F82ADBFEA9B}.Release|iPhone.Deploy.0 = Release|iPhone
		{C67E71F9-332F-40A8-BFB9-7F82ADBFEA9B}.Release|iPhoneSimulator.ActiveCfg = Release|iPhoneSimulator
		{C67E71F9-332F-40A8-BFB9-7F82ADBFEA9B}.Release|iPhoneSimulator.Build.0 = Release|iPhoneSimulator
		{C67E71F9-332F-40A8-BFB9-7F82ADBFEA9B}.Release|iPhoneSimulator.Deploy.0 = Release|iPhoneSimulator
		{630470D8-DCCF-42B3-BA5A-6323B3C979F2}.Debug|Any CPU.ActiveCfg = Debug|Any CPU
		{630470D8-DCCF-42B3-BA5A-6323B3C979F2}.Debug|Any CPU.Build.0 = Debug|Any CPU
		{630470D8-DCCF-42B3-BA5A-6323B3C979F2}.Debug|Any CPU.Deploy.0 = Debug|Any CPU
		{630470D8-DCCF-42B3-BA5A-6323B3C979F2}.Debug|iPhone.ActiveCfg = Debug|Any CPU
		{630470D8-DCCF-42B3-BA5A-6323B3C979F2}.Debug|iPhone.Build.0 = Debug|Any CPU
		{630470D8-DCCF-42B3-BA5A-6323B3C979F2}.Debug|iPhone.Deploy.0 = Debug|Any CPU
		{630470D8-DCCF-42B3-BA5A-6323B3C979F2}.Debug|iPhoneSimulator.ActiveCfg = Debug|Any CPU
		{630470D8-DCCF-42B3-BA5A-6323B3C979F2}.Debug|iPhoneSimulator.Build.0 = Debug|Any CPU
		{630470D8-DCCF-42B3-BA5A-6323B3C979F2}.Debug|iPhoneSimulator.Deploy.0 = Debug|Any CPU
		{630470D8-DCCF-42B3-BA5A-6323B3C979F2}.Release|Any CPU.ActiveCfg = Release|Any CPU
		{630470D8-DCCF-42B3-BA5A-6323B3C979F2}.Release|Any CPU.Build.0 = Release|Any CPU
		{630470D8-DCCF-42B3-BA5A-6323B3C979F2}.Release|Any CPU.Deploy.0 = Release|Any CPU
		{630470D8-DCCF-42B3-BA5A-6323B3C979F2}.Release|iPhone.ActiveCfg = Release|Any CPU
		{630470D8-DCCF-42B3-BA5A-6323B3C979F2}.Release|iPhone.Build.0 = Release|Any CPU
		{630470D8-DCCF-42B3-BA5A-6323B3C979F2}.Release|iPhone.Deploy.0 = Release|Any CPU
		{630470D8-DCCF-42B3-BA5A-6323B3C979F2}.Release|iPhoneSimulator.ActiveCfg = Release|Any CPU
		{630470D8-DCCF-42B3-BA5A-6323B3C979F2}.Release|iPhoneSimulator.Build.0 = Release|Any CPU
		{630470D8-DCCF-42B3-BA5A-6323B3C979F2}.Release|iPhoneSimulator.Deploy.0 = Release|Any CPU
	EndGlobalSection
	GlobalSection(SolutionProperties) = preSolution
		HideSolutionNode = FALSE
	EndGlobalSection
	GlobalSection(ExtensibilityGlobals) = postSolution
		SolutionGuid = {76C08A1F-AA14-434F-84A5-AE144E5691EB}
	EndGlobalSection
EndGlobal
